<Solution>
  <Folder Name="/src/" />
  <Folder Name="/src/Api/">
    <Project Path="src/Api/EventFlow.Api.csproj" />
  </Folder>
  <Folder Name="/src/Application/">
    <Project Path="src/Application/EventFlow.Application.csproj" />
  </Folder>
  <Folder Name="/src/Domain/">
    <Project Path="src/Domain/EventFlow.Domain.csproj" />
  </Folder>
  <Folder Name="/src/Infrastructure/">
    <Project Path="src/Infrastructure/EventFlow.Infrastructure.csproj" />
  </Folder>
  <Folder Name="/src/Migrator/">
    <Project Path="src/Migrator/EventFlow.Migrator.csproj" />
  </Folder>
  <Folder Name="/tests/">
    <Project Path="tests/EventFlow.Tests/EventFlow.Tests.csproj" />
  </Folder>
</Solution>
